
Microsoft Visual Studio Solution File, Format Version 12.00
Project("{FAE04EC0-301F-11D3-BF4B-00C04F79EFBC}") = "MyGame", "MyGame\MyGame.csproj", "{374AAF23-593E-415A-AA21-A36832F4456E}"
EndProject
Project("{FAE04EC0-301F-11D3-BF4B-00C04F79EFBC}") = "Katabasis.Framework", "..\..\ext\katabasis\src\dotnet\projects\production\Katabasis.Framework\Katabasis.Framework.csproj", "{7871E78E-B49B-4BCB-B79D-2FAB16D9C406}"
EndProject
Project("{FAE04EC0-301F-11D3-BF4B-00C04F79EFBC}") = "Katabasis.Extended", "..\..\ext\katabasis\src\dotnet\projects\production\Katabasis.Extended\Katabasis.Extended.csproj", "{9419B60E-3746-4146-8E23-56840B0E3A11}"
EndProject
Global
	GlobalSection(SolutionConfigurationPlatforms) = preSolution
		Debug|Any CPU = Debug|Any CPU
		Release|Any CPU = Release|Any CPU
	EndGlobalSection
	GlobalSection(ProjectConfigurationPlatforms) = postSolution
		{374AAF23-593E-415A-AA21-A36832F4456E}.Debug|Any CPU.ActiveCfg = Debug|Any CPU
		{374AAF23-593E-415A-AA21-A36832F4456E}.Debug|Any CPU.Build.0 = Debug|Any CPU
		{374AAF23-593E-415A-AA21-A36832F4456E}.Release|Any CPU.ActiveCfg = Release|Any CPU
		{374AAF23-593E-415A-AA21-A36832F4456E}.Release|Any CPU.Build.0 = Release|Any CPU
		{7871E78E-B49B-4BCB-B79D-2FAB16D9C406}.Debug|Any CPU.ActiveCfg = Debug|Any CPU
		{7871E78E-B49B-4BCB-B79D-2FAB16D9C406}.Debug|Any CPU.Build.0 = Debug|Any CPU
		{7871E78E-B49B-4BCB-B79D-2FAB16D9C406}.Release|Any CPU.ActiveCfg = Release|Any CPU
		{7871E78E-B49B-4BCB-B79D-2FAB16D9C406}.Release|Any CPU.Build.0 = Release|Any CPU
		{9419B60E-3746-4146-8E23-56840B0E3A11}.Debug|Any CPU.ActiveCfg = Debug|Any CPU
		{9419B60E-3746-4146-8E23-56840B0E3A11}.Debug|Any CPU.Build.0 = Debug|Any CPU
		{9419B60E-3746-4146-8E23-56840B0E3A11}.Release|Any CPU.ActiveCfg = Release|Any CPU
		{9419B60E-3746-4146-8E23-56840B0E3A11}.Release|Any CPU.Build.0 = Release|Any CPU
	EndGlobalSection
EndGlobal
